
Microsoft Visual Studio Solution File, Format Version 12.00
# Visual Studio Version 16
VisualStudioVersion = 16.0.30804.86
MinimumVisualStudioVersion = 10.0.40219.1
Project("{9A19103F-16F7-4668-BE54-9A1E7A4F7556}") = "GlobalX.Coding.Assessment", "GlobalX.Coding.Assessment\GlobalX.Coding.Assessment.csproj", "{90D63F3E-82D3-4528-A3A3-BCAC8CE51E58}"
EndProject
Project("{FAE04EC0-301F-11D3-BF4B-00C04F79EFBC}") = "GlobalX.Coding.Assessment.xUnitTest", "GlobalX.Coding.Assessment.xUnitTest\GlobalX.Coding.Assessment.xUnitTest.csproj", "{35309AEF-D00C-453D-A8CE-92E8B9011B45}"
EndProject
Global
	GlobalSection(SolutionConfigurationPlatforms) = preSolution
		Debug|Any CPU = Debug|Any CPU
		Release|Any CPU = Release|Any CPU
	EndGlobalSection
	GlobalSection(ProjectConfigurationPlatforms) = postSolution
		{90D63F3E-82D3-4528-A3A3-BCAC8CE51E58}.Debug|Any CPU.ActiveCfg = Debug|Any CPU
		{90D63F3E-82D3-4528-A3A3-BCAC8CE51E58}.Debug|Any CPU.Build.0 = Debug|Any CPU
		{90D63F3E-82D3-4528-A3A3-BCAC8CE51E58}.Release|Any CPU.ActiveCfg = Release|Any CPU
		{90D63F3E-82D3-4528-A3A3-BCAC8CE51E58}.Release|Any CPU.Build.0 = Release|Any CPU
		{35309AEF-D00C-453D-A8CE-92E8B9011B45}.Debug|Any CPU.ActiveCfg = Debug|Any CPU
		{35309AEF-D00C-453D-A8CE-92E8B9011B45}.Debug|Any CPU.Build.0 = Debug|Any CPU
		{35309AEF-D00C-453D-A8CE-92E8B9011B45}.Release|Any CPU.ActiveCfg = Release|Any CPU
		{35309AEF-D00C-453D-A8CE-92E8B9011B45}.Release|Any CPU.Build.0 = Release|Any CPU
	EndGlobalSection
	GlobalSection(SolutionProperties) = preSolution
		HideSolutionNode = FALSE
	EndGlobalSection
	GlobalSection(ExtensibilityGlobals) = postSolution
		SolutionGuid = {81FFECF0-82CD-4CB2-9E96-DB7C58A917ED}
	EndGlobalSection
EndGlobal
